<?xml version="1.0" encoding="utf-8"?>
<Project ToolsVersion="17.0" xmlns="http://schemas.microsoft.com/developer/msbuild/2003">
  <ItemGroup>
    <ClCompile Include="D:\Games\video\OpenFunscripter\src\main.cpp">
      <Filter>Source Files</Filter>
    </ClCompile>
    <ClCompile Include="D:\Games\video\OpenFunscripter\src\OpenFunscripter.cpp">
      <Filter>Source Files</Filter>
    </ClCompile>
    <ClCompile Include="D:\Games\video\OpenFunscripter\src\OFS_ScriptingMode.cpp">
      <Filter>Source Files</Filter>
    </ClCompile>
    <ClCompile Include="D:\Games\video\OpenFunscripter\src\OFS_Project.cpp">
      <Filter>Source Files</Filter>
    </ClCompile>
    <ClCompile Include="D:\Games\video\OpenFunscripter\src\OFS_UndoSystem.cpp">
      <Filter>Source Files</Filter>
    </ClCompile>
    <ClCompile Include="D:\Games\video\OpenFunscripter\src\UI\OFS_Preferences.cpp">
      <Filter>Source Files</Filter>
    </ClCompile>
    <ClCompile Include="D:\Games\video\OpenFunscripter\src\UI\OFS_ScriptSimulator.cpp">
      <Filter>Source Files</Filter>
    </ClCompile>
    <ClCompile Include="D:\Games\video\OpenFunscripter\src\UI\OFS_SpecialFunctions.cpp">
      <Filter>Source Files</Filter>
    </ClCompile>
    <ClCompile Include="D:\Games\video\OpenFunscripter\src\UI\OFS_ScriptPositionsOverlays.cpp">
      <Filter>Source Files</Filter>
    </ClCompile>
    <ClCompile Include="D:\Games\video\OpenFunscripter\src\UI\OFS_DownloadFfmpeg.cpp">
      <Filter>Source Files</Filter>
    </ClCompile>
    <ClCompile Include="D:\Games\video\OpenFunscripter\src\UI\OFS_FunscriptMetadataEditor.cpp">
      <Filter>Source Files</Filter>
    </ClCompile>
    <ClCompile Include="D:\Games\video\OpenFunscripter\src\UI\OFS_ChapterManager.cpp">
      <Filter>Source Files</Filter>
    </ClCompile>
    <ClCompile Include="D:\Games\video\OpenFunscripter\src\UI\OFS_PatternPicker.cpp">
      <Filter>Source Files</Filter>
    </ClCompile>
    <ClCompile Include="D:\Games\video\OpenFunscripter\src\api\OFS_WebsocketApi.cpp">
      <Filter>Source Files</Filter>
    </ClCompile>
    <ClCompile Include="D:\Games\video\OpenFunscripter\src\api\OFS_WebsocketApiClient.cpp">
      <Filter>Source Files</Filter>
    </ClCompile>
    <ClCompile Include="D:\Games\video\OpenFunscripter\src\api\OFS_WebsocketApiEvents.cpp">
      <Filter>Source Files</Filter>
    </ClCompile>
    <ClCompile Include="D:\Games\video\OpenFunscripter\src\api\OFS_WebsocketApiCommands.cpp">
      <Filter>Source Files</Filter>
    </ClCompile>
    <ClCompile Include="D:\Games\video\OpenFunscripter\src\api\OFS_BluetoothWebSocketClient.cpp">
      <Filter>Source Files</Filter>
    </ClCompile>
    <ClCompile Include="D:\Games\video\OpenFunscripter\src\gl\OFS_GPU.cpp">
      <Filter>Source Files</Filter>
    </ClCompile>
    <ClCompile Include="D:\Games\video\OpenFunscripter\src\state\OpenFunscripterState.cpp">
      <Filter>Source Files</Filter>
    </ClCompile>
    <ClCompile Include="D:\Games\video\OpenFunscripter\src\lua\OFS_LuaExtensions.cpp">
      <Filter>Source Files</Filter>
    </ClCompile>
    <ClCompile Include="D:\Games\video\OpenFunscripter\src\lua\OFS_LuaExtension.cpp">
      <Filter>Source Files</Filter>
    </ClCompile>
    <ClCompile Include="D:\Games\video\OpenFunscripter\src\lua\OFS_LuaCoreExtension.cpp">
      <Filter>Source Files</Filter>
    </ClCompile>
    <ClCompile Include="D:\Games\video\OpenFunscripter\src\lua\OFS_LuaExtensionAPI.cpp">
      <Filter>Source Files</Filter>
    </ClCompile>
    <ClCompile Include="D:\Games\video\OpenFunscripter\src\lua\api\OFS_LuaPlayerAPI.cpp">
      <Filter>Source Files</Filter>
    </ClCompile>
    <ClCompile Include="D:\Games\video\OpenFunscripter\src\lua\api\OFS_LuaImGuiAPI.cpp">
      <Filter>Source Files</Filter>
    </ClCompile>
    <ClCompile Include="D:\Games\video\OpenFunscripter\src\lua\api\OFS_LuaScriptAPI.cpp">
      <Filter>Source Files</Filter>
    </ClCompile>
    <ClCompile Include="D:\Games\video\OpenFunscripter\src\lua\api\OFS_LuaProcessAPI.cpp">
      <Filter>Source Files</Filter>
    </ClCompile>
    <ClCompile Include="D:\Games\video\OpenFunscripter\src\device\OFS_DeviceManager.cpp">
      <Filter>Source Files</Filter>
    </ClCompile>
    <ClCompile Include="D:\Games\video\OpenFunscripter\src\device\OFS_DevicePanel.cpp">
      <Filter>Source Files</Filter>
    </ClCompile>
    <ClCompile Include="D:\Games\video\OpenFunscripter\src\device\adapters\OFS_HandyAdapter.cpp">
      <Filter>Source Files</Filter>
    </ClCompile>
    <ClCompile Include="D:\Games\video\OpenFunscripter\src\device\adapters\OFS_LovenseAdapter.cpp">
      <Filter>Source Files</Filter>
    </ClCompile>
    <ClCompile Include="D:\Games\video\OpenFunscripter\src\device\adapters\OFS_HismithAdapter.cpp">
      <Filter>Source Files</Filter>
    </ClCompile>
    <ClCompile Include="D:\Games\video\OpenFunscripter\src\device\adapters\OFS_BluetoothLEAdapter.cpp">
      <Filter>Source Files</Filter>
    </ClCompile>
    <ClCompile Include="D:\Games\video\OpenFunscripter\src\util\OFS_HttpClient.cpp">
      <Filter>Source Files</Filter>
    </ClCompile>
    <ClCompile Include="D:\Games\video\OpenFunscripter\src\util\OFS_VoiceInput.cpp">
      <Filter>Source Files</Filter>
    </ClCompile>
  </ItemGroup>
  <ItemGroup>
    <CustomBuild Include="D:\Games\video\OpenFunscripter\src\CMakeLists.txt" />
  </ItemGroup>
  <ItemGroup>
    <Natvis Include="D:\Games\video\OpenFunscripter\lib\json\nlohmann_json.natvis" />
  </ItemGroup>
  <ItemGroup>
    <ResourceCompile Include="D:\Games\video\OpenFunscripter\icon.rc">
      <Filter>Source Files</Filter>
    </ResourceCompile>
  </ItemGroup>
  <ItemGroup>
    <Filter Include="Source Files">
      <UniqueIdentifier>{8049FBC2-608A-3EC1-A23E-99B6FA1C59B5}</UniqueIdentifier>
    </Filter>
  </ItemGroup>
</Project>
