<?xml version="1.0" encoding="utf-8"?>
<Project ToolsVersion="17.0" xmlns="http://schemas.microsoft.com/developer/msbuild/2003">
  <ItemGroup>
    <ClCompile Include="D:\Games\video\OpenFunscripter\OFS-lib\event\OFS_EventSystem.cpp">
      <Filter>Source Files</Filter>
    </ClCompile>
    <ClCompile Include="D:\Games\video\OpenFunscripter\OFS-lib\event\OFS_Event.cpp">
      <Filter>Source Files</Filter>
    </ClCompile>
    <ClCompile Include="D:\Games\video\OpenFunscripter\OFS-lib\state\states\KeybindingState.cpp">
      <Filter>Source Files</Filter>
    </ClCompile>
    <ClCompile Include="D:\Games\video\OpenFunscripter\OFS-lib\state\states\ChapterState.cpp">
      <Filter>Source Files</Filter>
    </ClCompile>
    <ClCompile Include="D:\Games\video\OpenFunscripter\OFS-lib\Funscript\Funscript.cpp">
      <Filter>Source Files</Filter>
    </ClCompile>
    <ClCompile Include="D:\Games\video\OpenFunscripter\OFS-lib\Funscript\FunscriptAction.cpp">
      <Filter>Source Files</Filter>
    </ClCompile>
    <ClCompile Include="D:\Games\video\OpenFunscripter\OFS-lib\Funscript\FunscriptUndoSystem.cpp">
      <Filter>Source Files</Filter>
    </ClCompile>
    <ClCompile Include="D:\Games\video\OpenFunscripter\OFS-lib\Funscript\FunscriptHeatmap.cpp">
      <Filter>Source Files</Filter>
    </ClCompile>
    <ClCompile Include="D:\Games\video\OpenFunscripter\OFS-lib\UI\GradientBar.cpp">
      <Filter>Source Files</Filter>
    </ClCompile>
    <ClCompile Include="D:\Games\video\OpenFunscripter\OFS-lib\UI\OFS_ImGui.cpp">
      <Filter>Source Files</Filter>
    </ClCompile>
    <ClCompile Include="D:\Games\video\OpenFunscripter\OFS-lib\UI\OFS_VideoplayerControls.cpp">
      <Filter>Source Files</Filter>
    </ClCompile>
    <ClCompile Include="D:\Games\video\OpenFunscripter\OFS-lib\UI\OFS_Videopreview.cpp">
      <Filter>Source Files</Filter>
    </ClCompile>
    <ClCompile Include="D:\Games\video\OpenFunscripter\OFS-lib\UI\OFS_BlockingTask.cpp">
      <Filter>Source Files</Filter>
    </ClCompile>
    <ClCompile Include="D:\Games\video\OpenFunscripter\OFS-lib\UI\OFS_ScriptTimeline.cpp">
      <Filter>Source Files</Filter>
    </ClCompile>
    <ClCompile Include="D:\Games\video\OpenFunscripter\OFS-lib\UI\ScriptPositionsOverlayMode.cpp">
      <Filter>Source Files</Filter>
    </ClCompile>
    <ClCompile Include="D:\Games\video\OpenFunscripter\OFS-lib\UI\OFS_KeybindingSystem.cpp">
      <Filter>Source Files</Filter>
    </ClCompile>
    <ClCompile Include="D:\Games\video\OpenFunscripter\OFS-lib\UI\OFS_Waveform.cpp">
      <Filter>Source Files</Filter>
    </ClCompile>
    <ClCompile Include="D:\Games\video\OpenFunscripter\OFS-lib\videoplayer\OFS_VideoplayerWindow.cpp">
      <Filter>Source Files</Filter>
    </ClCompile>
    <ClCompile Include="D:\Games\video\OpenFunscripter\OFS-lib\videoplayer\impl\OFS_MpvVideoplayer.cpp">
      <Filter>Source Files</Filter>
    </ClCompile>
    <ClCompile Include="D:\Games\video\OpenFunscripter\OFS-lib\state\OFS_StateManager.cpp">
      <Filter>Source Files</Filter>
    </ClCompile>
    <ClCompile Include="D:\Games\video\OpenFunscripter\OFS-lib\state\OFS_LibState.cpp">
      <Filter>Source Files</Filter>
    </ClCompile>
    <ClCompile Include="D:\Games\video\OpenFunscripter\OFS-lib\imgui_impl\imgui_impl_opengl3.cpp">
      <Filter>Source Files</Filter>
    </ClCompile>
    <ClCompile Include="D:\Games\video\OpenFunscripter\OFS-lib\imgui_impl\imgui_impl_sdl.cpp">
      <Filter>Source Files</Filter>
    </ClCompile>
    <ClCompile Include="D:\Games\video\OpenFunscripter\OFS-lib\gl\OFS_Shader.cpp">
      <Filter>Source Files</Filter>
    </ClCompile>
    <ClCompile Include="D:\Games\video\OpenFunscripter\OFS-lib\OFS_ControllerInput.cpp">
      <Filter>Source Files</Filter>
    </ClCompile>
    <ClCompile Include="D:\Games\video\OpenFunscripter\OFS-lib\OFS_Serialization.cpp">
      <Filter>Source Files</Filter>
    </ClCompile>
    <ClCompile Include="D:\Games\video\OpenFunscripter\OFS-lib\OFS_Util.cpp">
      <Filter>Source Files</Filter>
    </ClCompile>
    <ClCompile Include="D:\Games\video\OpenFunscripter\OFS-lib\OFS_FileLogging.cpp">
      <Filter>Source Files</Filter>
    </ClCompile>
    <ClCompile Include="D:\Games\video\OpenFunscripter\OFS-lib\OFS_DynamicFontAtlas.cpp">
      <Filter>Source Files</Filter>
    </ClCompile>
    <ClCompile Include="D:\Games\video\OpenFunscripter\OFS-lib\OFS_MpvLoader.cpp">
      <Filter>Source Files</Filter>
    </ClCompile>
    <ClCompile Include="D:\Games\video\OpenFunscripter\build_test\OFS-lib\OFS_StringsGenerated.cpp">
      <Filter>Source Files</Filter>
    </ClCompile>
    <ClCompile Include="D:\Games\video\OpenFunscripter\OFS-lib\localization\OFS_Localization.cpp">
      <Filter>Source Files</Filter>
    </ClCompile>
  </ItemGroup>
  <ItemGroup>
    <CustomBuild Include="D:\Games\video\OpenFunscripter\localization\localization.csv" />
    <CustomBuild Include="D:\Games\video\OpenFunscripter\OFS-lib\CMakeLists.txt" />
  </ItemGroup>
  <ItemGroup>
    <Natvis Include="D:\Games\video\OpenFunscripter\lib\json\nlohmann_json.natvis" />
  </ItemGroup>
  <ItemGroup>
    <Filter Include="Source Files">
      <UniqueIdentifier>{8049FBC2-608A-3EC1-A23E-99B6FA1C59B5}</UniqueIdentifier>
    </Filter>
  </ItemGroup>
</Project>
