
Microsoft Visual Studio Solution File, Format Version 12.00
# Visual Studio Version 17
Project("{8BC9CEB8-8B4A-11D0-8D11-00A0C91BC942}") = "ALL_BUILD", "ALL_BUILD.vcxproj", "{158C4EF9-5EC8-387D-A42F-0B09EEE2B4D8}"
	ProjectSection(ProjectDependencies) = postProject
		{00DA4248-F21F-33F2-B716-12C92886CA2D} = {00DA4248-F21F-33F2-B716-12C92886CA2D}
		{4C69E5CA-E62C-3CBF-928B-AD5FAE46F002} = {4C69E5CA-E62C-3CBF-928B-AD5FAE46F002}
	EndProjectSection
EndProject
Project("{8BC9CEB8-8B4A-11D0-8D11-00A0C91BC942}") = "INSTALL", "INSTALL.vcxproj", "{193B03B8-8722-328E-BD42-2349A6817036}"
	ProjectSection(ProjectDependencies) = postProject
		{158C4EF9-5EC8-387D-A42F-0B09EEE2B4D8} = {158C4EF9-5EC8-387D-A42F-0B09EEE2B4D8}
		{4C69E5CA-E62C-3CBF-928B-AD5FAE46F002} = {4C69E5CA-E62C-3CBF-928B-AD5FAE46F002}
	EndProjectSection
EndProject
Project("{8BC9CEB8-8B4A-11D0-8D11-00A0C91BC942}") = "OFS_lib", "OFS_lib.vcxproj", "{00DA4248-F21F-33F2-B716-12C92886CA2D}"
	ProjectSection(ProjectDependencies) = postProject
		{725FEE3F-B903-387D-9796-913180F6AFC4} = {725FEE3F-B903-387D-9796-913180F6AFC4}
		{858A4382-28ED-3548-B167-83001DA5C488} = {858A4382-28ED-3548-B167-83001DA5C488}
		{4C69E5CA-E62C-3CBF-928B-AD5FAE46F002} = {4C69E5CA-E62C-3CBF-928B-AD5FAE46F002}
		{039AA337-FFFC-3ED4-9226-67A57D4B5334} = {039AA337-FFFC-3ED4-9226-67A57D4B5334}
		{16EDAE1C-AE00-32EB-ACDC-AA2269BFA638} = {16EDAE1C-AE00-32EB-ACDC-AA2269BFA638}
		{23B6FFCD-50D6-3035-B8BD-BE26000A42F1} = {23B6FFCD-50D6-3035-B8BD-BE26000A42F1}
		{7ABF9DDD-671A-3484-9524-505618753B78} = {7ABF9DDD-671A-3484-9524-505618753B78}
		{31C36BF1-AA28-3A1B-A8FA-4FAAD6264D91} = {31C36BF1-AA28-3A1B-A8FA-4FAAD6264D91}
	EndProjectSection
EndProject
Project("{8BC9CEB8-8B4A-11D0-8D11-00A0C91BC942}") = "SDL2-static", "..\lib\SDL2\SDL2-static.vcxproj", "{725FEE3F-B903-387D-9796-913180F6AFC4}"
	ProjectSection(ProjectDependencies) = postProject
		{4C69E5CA-E62C-3CBF-928B-AD5FAE46F002} = {4C69E5CA-E62C-3CBF-928B-AD5FAE46F002}
		{99223A23-CC37-3DA4-9241-35F5797E3296} = {99223A23-CC37-3DA4-9241-35F5797E3296}
	EndProjectSection
EndProject
Project("{8BC9CEB8-8B4A-11D0-8D11-00A0C91BC942}") = "SDL2main", "..\lib\SDL2\SDL2main.vcxproj", "{858A4382-28ED-3548-B167-83001DA5C488}"
	ProjectSection(ProjectDependencies) = postProject
		{4C69E5CA-E62C-3CBF-928B-AD5FAE46F002} = {4C69E5CA-E62C-3CBF-928B-AD5FAE46F002}
		{99223A23-CC37-3DA4-9241-35F5797E3296} = {99223A23-CC37-3DA4-9241-35F5797E3296}
	EndProjectSection
EndProject
Project("{8BC9CEB8-8B4A-11D0-8D11-00A0C91BC942}") = "ZERO_CHECK", "..\ZERO_CHECK.vcxproj", "{4C69E5CA-E62C-3CBF-928B-AD5FAE46F002}"
	ProjectSection(ProjectDependencies) = postProject
	EndProjectSection
EndProject
Project("{8BC9CEB8-8B4A-11D0-8D11-00A0C91BC942}") = "gen_localization", "..\localization\gen_localization.vcxproj", "{039AA337-FFFC-3ED4-9226-67A57D4B5334}"
	ProjectSection(ProjectDependencies) = postProject
		{4C69E5CA-E62C-3CBF-928B-AD5FAE46F002} = {4C69E5CA-E62C-3CBF-928B-AD5FAE46F002}
	EndProjectSection
EndProject
Project("{8BC9CEB8-8B4A-11D0-8D11-00A0C91BC942}") = "glad2", "..\lib\glad2.vcxproj", "{16EDAE1C-AE00-32EB-ACDC-AA2269BFA638}"
	ProjectSection(ProjectDependencies) = postProject
		{4C69E5CA-E62C-3CBF-928B-AD5FAE46F002} = {4C69E5CA-E62C-3CBF-928B-AD5FAE46F002}
	EndProjectSection
EndProject
Project("{8BC9CEB8-8B4A-11D0-8D11-00A0C91BC942}") = "imgui", "..\lib\imgui.vcxproj", "{23B6FFCD-50D6-3035-B8BD-BE26000A42F1}"
	ProjectSection(ProjectDependencies) = postProject
		{4C69E5CA-E62C-3CBF-928B-AD5FAE46F002} = {4C69E5CA-E62C-3CBF-928B-AD5FAE46F002}
	EndProjectSection
EndProject
Project("{8BC9CEB8-8B4A-11D0-8D11-00A0C91BC942}") = "imgui_stdlib", "..\lib\imgui_stdlib.vcxproj", "{7ABF9DDD-671A-3484-9524-505618753B78}"
	ProjectSection(ProjectDependencies) = postProject
		{4C69E5CA-E62C-3CBF-928B-AD5FAE46F002} = {4C69E5CA-E62C-3CBF-928B-AD5FAE46F002}
		{23B6FFCD-50D6-3035-B8BD-BE26000A42F1} = {23B6FFCD-50D6-3035-B8BD-BE26000A42F1}
	EndProjectSection
EndProject
Project("{8BC9CEB8-8B4A-11D0-8D11-00A0C91BC942}") = "sdl_headers_copy", "..\lib\SDL2\sdl_headers_copy.vcxproj", "{99223A23-CC37-3DA4-9241-35F5797E3296}"
	ProjectSection(ProjectDependencies) = postProject
		{4C69E5CA-E62C-3CBF-928B-AD5FAE46F002} = {4C69E5CA-E62C-3CBF-928B-AD5FAE46F002}
	EndProjectSection
EndProject
Project("{8BC9CEB8-8B4A-11D0-8D11-00A0C91BC942}") = "tinyfiledialogs", "..\lib\tinyfiledialogs.vcxproj", "{31C36BF1-AA28-3A1B-A8FA-4FAAD6264D91}"
	ProjectSection(ProjectDependencies) = postProject
		{4C69E5CA-E62C-3CBF-928B-AD5FAE46F002} = {4C69E5CA-E62C-3CBF-928B-AD5FAE46F002}
	EndProjectSection
EndProject
Global
	GlobalSection(SolutionConfigurationPlatforms) = preSolution
		Debug|x64 = Debug|x64
		Release|x64 = Release|x64
		MinSizeRel|x64 = MinSizeRel|x64
		RelWithDebInfo|x64 = RelWithDebInfo|x64
	EndGlobalSection
	GlobalSection(ProjectConfigurationPlatforms) = postSolution
		{158C4EF9-5EC8-387D-A42F-0B09EEE2B4D8}.Debug|x64.ActiveCfg = Debug|x64
		{158C4EF9-5EC8-387D-A42F-0B09EEE2B4D8}.Debug|x64.Build.0 = Debug|x64
		{158C4EF9-5EC8-387D-A42F-0B09EEE2B4D8}.Release|x64.ActiveCfg = Release|x64
		{158C4EF9-5EC8-387D-A42F-0B09EEE2B4D8}.Release|x64.Build.0 = Release|x64
		{158C4EF9-5EC8-387D-A42F-0B09EEE2B4D8}.MinSizeRel|x64.ActiveCfg = MinSizeRel|x64
		{158C4EF9-5EC8-387D-A42F-0B09EEE2B4D8}.MinSizeRel|x64.Build.0 = MinSizeRel|x64
		{158C4EF9-5EC8-387D-A42F-0B09EEE2B4D8}.RelWithDebInfo|x64.ActiveCfg = RelWithDebInfo|x64
		{158C4EF9-5EC8-387D-A42F-0B09EEE2B4D8}.RelWithDebInfo|x64.Build.0 = RelWithDebInfo|x64
		{193B03B8-8722-328E-BD42-2349A6817036}.Debug|x64.ActiveCfg = Debug|x64
		{193B03B8-8722-328E-BD42-2349A6817036}.Release|x64.ActiveCfg = Release|x64
		{193B03B8-8722-328E-BD42-2349A6817036}.MinSizeRel|x64.ActiveCfg = MinSizeRel|x64
		{193B03B8-8722-328E-BD42-2349A6817036}.RelWithDebInfo|x64.ActiveCfg = RelWithDebInfo|x64
		{00DA4248-F21F-33F2-B716-12C92886CA2D}.Debug|x64.ActiveCfg = Debug|x64
		{00DA4248-F21F-33F2-B716-12C92886CA2D}.Debug|x64.Build.0 = Debug|x64
		{00DA4248-F21F-33F2-B716-12C92886CA2D}.Release|x64.ActiveCfg = Release|x64
		{00DA4248-F21F-33F2-B716-12C92886CA2D}.Release|x64.Build.0 = Release|x64
		{00DA4248-F21F-33F2-B716-12C92886CA2D}.MinSizeRel|x64.ActiveCfg = MinSizeRel|x64
		{00DA4248-F21F-33F2-B716-12C92886CA2D}.MinSizeRel|x64.Build.0 = MinSizeRel|x64
		{00DA4248-F21F-33F2-B716-12C92886CA2D}.RelWithDebInfo|x64.ActiveCfg = RelWithDebInfo|x64
		{00DA4248-F21F-33F2-B716-12C92886CA2D}.RelWithDebInfo|x64.Build.0 = RelWithDebInfo|x64
		{725FEE3F-B903-387D-9796-913180F6AFC4}.Debug|x64.ActiveCfg = Debug|x64
		{725FEE3F-B903-387D-9796-913180F6AFC4}.Debug|x64.Build.0 = Debug|x64
		{725FEE3F-B903-387D-9796-913180F6AFC4}.Release|x64.ActiveCfg = Release|x64
		{725FEE3F-B903-387D-9796-913180F6AFC4}.Release|x64.Build.0 = Release|x64
		{725FEE3F-B903-387D-9796-913180F6AFC4}.MinSizeRel|x64.ActiveCfg = MinSizeRel|x64
		{725FEE3F-B903-387D-9796-913180F6AFC4}.MinSizeRel|x64.Build.0 = MinSizeRel|x64
		{725FEE3F-B903-387D-9796-913180F6AFC4}.RelWithDebInfo|x64.ActiveCfg = RelWithDebInfo|x64
		{725FEE3F-B903-387D-9796-913180F6AFC4}.RelWithDebInfo|x64.Build.0 = RelWithDebInfo|x64
		{858A4382-28ED-3548-B167-83001DA5C488}.Debug|x64.ActiveCfg = Debug|x64
		{858A4382-28ED-3548-B167-83001DA5C488}.Debug|x64.Build.0 = Debug|x64
		{858A4382-28ED-3548-B167-83001DA5C488}.Release|x64.ActiveCfg = Release|x64
		{858A4382-28ED-3548-B167-83001DA5C488}.Release|x64.Build.0 = Release|x64
		{858A4382-28ED-3548-B167-83001DA5C488}.MinSizeRel|x64.ActiveCfg = MinSizeRel|x64
		{858A4382-28ED-3548-B167-83001DA5C488}.MinSizeRel|x64.Build.0 = MinSizeRel|x64
		{858A4382-28ED-3548-B167-83001DA5C488}.RelWithDebInfo|x64.ActiveCfg = RelWithDebInfo|x64
		{858A4382-28ED-3548-B167-83001DA5C488}.RelWithDebInfo|x64.Build.0 = RelWithDebInfo|x64
		{4C69E5CA-E62C-3CBF-928B-AD5FAE46F002}.Debug|x64.ActiveCfg = Debug|x64
		{4C69E5CA-E62C-3CBF-928B-AD5FAE46F002}.Debug|x64.Build.0 = Debug|x64
		{4C69E5CA-E62C-3CBF-928B-AD5FAE46F002}.Release|x64.ActiveCfg = Release|x64
		{4C69E5CA-E62C-3CBF-928B-AD5FAE46F002}.Release|x64.Build.0 = Release|x64
		{4C69E5CA-E62C-3CBF-928B-AD5FAE46F002}.MinSizeRel|x64.ActiveCfg = MinSizeRel|x64
		{4C69E5CA-E62C-3CBF-928B-AD5FAE46F002}.MinSizeRel|x64.Build.0 = MinSizeRel|x64
		{4C69E5CA-E62C-3CBF-928B-AD5FAE46F002}.RelWithDebInfo|x64.ActiveCfg = RelWithDebInfo|x64
		{4C69E5CA-E62C-3CBF-928B-AD5FAE46F002}.RelWithDebInfo|x64.Build.0 = RelWithDebInfo|x64
		{039AA337-FFFC-3ED4-9226-67A57D4B5334}.Debug|x64.ActiveCfg = Debug|x64
		{039AA337-FFFC-3ED4-9226-67A57D4B5334}.Debug|x64.Build.0 = Debug|x64
		{039AA337-FFFC-3ED4-9226-67A57D4B5334}.Release|x64.ActiveCfg = Release|x64
		{039AA337-FFFC-3ED4-9226-67A57D4B5334}.Release|x64.Build.0 = Release|x64
		{039AA337-FFFC-3ED4-9226-67A57D4B5334}.MinSizeRel|x64.ActiveCfg = MinSizeRel|x64
		{039AA337-FFFC-3ED4-9226-67A57D4B5334}.MinSizeRel|x64.Build.0 = MinSizeRel|x64
		{039AA337-FFFC-3ED4-9226-67A57D4B5334}.RelWithDebInfo|x64.ActiveCfg = RelWithDebInfo|x64
		{039AA337-FFFC-3ED4-9226-67A57D4B5334}.RelWithDebInfo|x64.Build.0 = RelWithDebInfo|x64
		{16EDAE1C-AE00-32EB-ACDC-AA2269BFA638}.Debug|x64.ActiveCfg = Debug|x64
		{16EDAE1C-AE00-32EB-ACDC-AA2269BFA638}.Debug|x64.Build.0 = Debug|x64
		{16EDAE1C-AE00-32EB-ACDC-AA2269BFA638}.Release|x64.ActiveCfg = Release|x64
		{16EDAE1C-AE00-32EB-ACDC-AA2269BFA638}.Release|x64.Build.0 = Release|x64
		{16EDAE1C-AE00-32EB-ACDC-AA2269BFA638}.MinSizeRel|x64.ActiveCfg = MinSizeRel|x64
		{16EDAE1C-AE00-32EB-ACDC-AA2269BFA638}.MinSizeRel|x64.Build.0 = MinSizeRel|x64
		{16EDAE1C-AE00-32EB-ACDC-AA2269BFA638}.RelWithDebInfo|x64.ActiveCfg = RelWithDebInfo|x64
		{16EDAE1C-AE00-32EB-ACDC-AA2269BFA638}.RelWithDebInfo|x64.Build.0 = RelWithDebInfo|x64
		{23B6FFCD-50D6-3035-B8BD-BE26000A42F1}.Debug|x64.ActiveCfg = Debug|x64
		{23B6FFCD-50D6-3035-B8BD-BE26000A42F1}.Debug|x64.Build.0 = Debug|x64
		{23B6FFCD-50D6-3035-B8BD-BE26000A42F1}.Release|x64.ActiveCfg = Release|x64
		{23B6FFCD-50D6-3035-B8BD-BE26000A42F1}.Release|x64.Build.0 = Release|x64
		{23B6FFCD-50D6-3035-B8BD-BE26000A42F1}.MinSizeRel|x64.ActiveCfg = MinSizeRel|x64
		{23B6FFCD-50D6-3035-B8BD-BE26000A42F1}.MinSizeRel|x64.Build.0 = MinSizeRel|x64
		{23B6FFCD-50D6-3035-B8BD-BE26000A42F1}.RelWithDebInfo|x64.ActiveCfg = RelWithDebInfo|x64
		{23B6FFCD-50D6-3035-B8BD-BE26000A42F1}.RelWithDebInfo|x64.Build.0 = RelWithDebInfo|x64
		{7ABF9DDD-671A-3484-9524-505618753B78}.Debug|x64.ActiveCfg = Debug|x64
		{7ABF9DDD-671A-3484-9524-505618753B78}.Debug|x64.Build.0 = Debug|x64
		{7ABF9DDD-671A-3484-9524-505618753B78}.Release|x64.ActiveCfg = Release|x64
		{7ABF9DDD-671A-3484-9524-505618753B78}.Release|x64.Build.0 = Release|x64
		{7ABF9DDD-671A-3484-9524-505618753B78}.MinSizeRel|x64.ActiveCfg = MinSizeRel|x64
		{7ABF9DDD-671A-3484-9524-505618753B78}.MinSizeRel|x64.Build.0 = MinSizeRel|x64
		{7ABF9DDD-671A-3484-9524-505618753B78}.RelWithDebInfo|x64.ActiveCfg = RelWithDebInfo|x64
		{7ABF9DDD-671A-3484-9524-505618753B78}.RelWithDebInfo|x64.Build.0 = RelWithDebInfo|x64
		{99223A23-CC37-3DA4-9241-35F5797E3296}.Debug|x64.ActiveCfg = Debug|x64
		{99223A23-CC37-3DA4-9241-35F5797E3296}.Debug|x64.Build.0 = Debug|x64
		{99223A23-CC37-3DA4-9241-35F5797E3296}.Release|x64.ActiveCfg = Release|x64
		{99223A23-CC37-3DA4-9241-35F5797E3296}.Release|x64.Build.0 = Release|x64
		{99223A23-CC37-3DA4-9241-35F5797E3296}.MinSizeRel|x64.ActiveCfg = MinSizeRel|x64
		{99223A23-CC37-3DA4-9241-35F5797E3296}.MinSizeRel|x64.Build.0 = MinSizeRel|x64
		{99223A23-CC37-3DA4-9241-35F5797E3296}.RelWithDebInfo|x64.ActiveCfg = RelWithDebInfo|x64
		{99223A23-CC37-3DA4-9241-35F5797E3296}.RelWithDebInfo|x64.Build.0 = RelWithDebInfo|x64
		{31C36BF1-AA28-3A1B-A8FA-4FAAD6264D91}.Debug|x64.ActiveCfg = Debug|x64
		{31C36BF1-AA28-3A1B-A8FA-4FAAD6264D91}.Debug|x64.Build.0 = Debug|x64
		{31C36BF1-AA28-3A1B-A8FA-4FAAD6264D91}.Release|x64.ActiveCfg = Release|x64
		{31C36BF1-AA28-3A1B-A8FA-4FAAD6264D91}.Release|x64.Build.0 = Release|x64
		{31C36BF1-AA28-3A1B-A8FA-4FAAD6264D91}.MinSizeRel|x64.ActiveCfg = MinSizeRel|x64
		{31C36BF1-AA28-3A1B-A8FA-4FAAD6264D91}.MinSizeRel|x64.Build.0 = MinSizeRel|x64
		{31C36BF1-AA28-3A1B-A8FA-4FAAD6264D91}.RelWithDebInfo|x64.ActiveCfg = RelWithDebInfo|x64
		{31C36BF1-AA28-3A1B-A8FA-4FAAD6264D91}.RelWithDebInfo|x64.Build.0 = RelWithDebInfo|x64
	EndGlobalSection
	GlobalSection(ExtensibilityGlobals) = postSolution
		SolutionGuid = {099A0448-4397-30C1-A383-27ED9C04A5E6}
	EndGlobalSection
	GlobalSection(ExtensibilityAddIns) = postSolution
	EndGlobalSection
EndGlobal
