<?xml version="1.0" encoding="utf-8"?>
<Project ToolsVersion="17.0" xmlns="http://schemas.microsoft.com/developer/msbuild/2003">
  <ItemGroup>
    <CustomBuild Include="D:\Games\video\OpenFunscripter\build_test\CMakeFiles\80b9e4e64922cffa92e1b2e24bb6f963\INSTALL_force.rule">
      <Filter>CMake Rules</Filter>
    </CustomBuild>
  </ItemGroup>
  <ItemGroup>
    <Filter Include="CMake Rules">
      <UniqueIdentifier>{CBB4F1B9-4AAA-3460-8932-D1C8F4423E56}</UniqueIdentifier>
    </Filter>
  </ItemGroup>
</Project>
